{
  "version": 4,
  "terraform_version": "1.13.0",
  "serial": 177,
  "lineage": "8131fd21-dbe4-684c-9712-20aac0868135",
  "outputs": {},
  "resources": [
    {
      "mode": "managed",
      "type": "google_project_service",
      "name": "enabled_apis",
      "provider": "provider[\"registry.terraform.io/hashicorp/google\"]",
      "instances": [
        {
          "index_key": "cloudfunctions.googleapis.com",
          "schema_version": 0,
          "attributes": {
            "disable_dependent_services": null,
            "disable_on_destroy": false,
            "id": "sahaba-466907/cloudfunctions.googleapis.com",
            "project": "sahaba-466907",
            "service": "cloudfunctions.googleapis.com",
            "timeouts": null
          },
          "sensitive_attributes": [],
          "identity_schema_version": 0,
          "private": "eyJlMmJmYjczMC1lY2FhLTExZTYtOGY4OC0zNDM2M2JjN2M0YzAiOnsiY3JlYXRlIjoxMjAwMDAwMDAwMDAwLCJkZWxldGUiOjEyMDAwMDAwMDAwMDAsInJlYWQiOjYwMDAwMDAwMDAwMCwidXBkYXRlIjoxMjAwMDAwMDAwMDAwfX0="
        },
        {
          "index_key": "firestore.googleapis.com",
          "schema_version": 0,
          "attributes": {
            "disable_dependent_services": null,
            "disable_on_destroy": false,
            "id": "sahaba-466907/firestore.googleapis.com",
            "project": "sahaba-466907",
            "service": "firestore.googleapis.com",
            "timeouts": null
          },
          "sensitive_attributes": [],
          "identity_schema_version": 0,
          "private": "eyJlMmJmYjczMC1lY2FhLTExZTYtOGY4OC0zNDM2M2JjN2M0YzAiOnsiY3JlYXRlIjoxMjAwMDAwMDAwMDAwLCJkZWxldGUiOjEyMDAwMDAwMDAwMDAsInJlYWQiOjYwMDAwMDAwMDAwMCwidXBkYXRlIjoxMjAwMDAwMDAwMDAwfX0="
        },
        {
          "index_key": "run.googleapis.com",
          "schema_version": 0,
          "attributes": {
            "disable_dependent_services": null,
            "disable_on_destroy": false,
            "id": "sahaba-466907/run.googleapis.com",
            "project": "sahaba-466907",
            "service": "run.googleapis.com",
            "timeouts": null
          },
          "sensitive_attributes": [],
          "identity_schema_version": 0,
          "private": "eyJlMmJmYjczMC1lY2FhLTExZTYtOGY4OC0zNDM2M2JjN2M0YzAiOnsiY3JlYXRlIjoxMjAwMDAwMDAwMDAwLCJkZWxldGUiOjEyMDAwMDAwMDAwMDAsInJlYWQiOjYwMDAwMDAwMDAwMCwidXBkYXRlIjoxMjAwMDAwMDAwMDAwfX0="
        }
      ]
    },
    {
      "module": "module.gcp-backend",
      "mode": "data",
      "type": "archive_file",
      "name": "function_zip",
      "provider": "provider[\"registry.terraform.io/hashicorp/archive\"]",
      "instances": [
        {
          "schema_version": 0,
          "attributes": {
            "exclude_symlink_directories": null,
            "excludes": [
              "*.pyc",
              ".pytest_cache/*",
              "__pycache__/*",
              "temp*"
            ],
            "id": "0b178b0d40657718bac548edecfefbedf4fdad5c",
            "output_base64sha256": "iAHwhFN4ItBafxH0sLZv7vjiGYKA76/KdL5pfcdWQfk=",
            "output_base64sha512": "v8y/vQVW73ju5TOmrmUzgRENFJaBTf3/sX9u/LX+vXNqjnKkz4Xcuqrk3t3qGen0O+F3JGt1YG0++YSYblWILw==",
            "output_file_mode": null,
            "output_md5": "2b103ee492f069cdf2da6f0c556d0b2f",
            "output_path": "../Infrastructure/backend-function.zip",
            "output_sha": "0b178b0d40657718bac548edecfefbedf4fdad5c",
            "output_sha256": "8801f084537822d05a7f11f4b0b66feef8e2198280efafca74be697dc75641f9",
            "output_sha512": "bfccbfbd0556ef78eee533a6ae653381110d1496814dfdffb17f6efcb5febd736a8e72a4cf85dcbaaae4deddea19e9f43be177246b75606d3ef984986e55882f",
            "output_size": 34023322,
            "source": [],
            "source_content": null,
            "source_content_filename": null,
            "source_dir": "../Infrastructure/../../app/Backend",
            "source_file": null,
            "type": "zip"
          },
          "sensitive_attributes": [],
          "identity_schema_version": 0
        }
      ]
    }
  ],
  "check_results": null
}
