{
  "version": 4,
  "terraform_version": "1.13.0",
  "serial": 163,
  "lineage": "8131fd21-dbe4-684c-9712-20aac0868135",
  "outputs": {
    "trigger_url": {
      "value": "https://me-central1-fiery-protocol-466303-p6.cloudfunctions.net/sahaba-gcp-funciton",
      "type": "string"
    }
  },
  "resources": [
    {
      "module": "module.gcp-backend",
      "mode": "data",
      "type": "archive_file",
      "name": "function_zip",
      "provider": "provider[\"registry.terraform.io/hashicorp/archive\"]",
      "instances": [
        {
          "schema_version": 0,
          "attributes": {
            "exclude_symlink_directories": null,
            "excludes": [
              "*.pyc",
              ".pytest_cache/*",
              "__pycache__/*",
              "temp*"
            ],
            "id": "0b178b0d40657718bac548edecfefbedf4fdad5c",
            "output_base64sha256": "iAHwhFN4ItBafxH0sLZv7vjiGYKA76/KdL5pfcdWQfk=",
            "output_base64sha512": "v8y/vQVW73ju5TOmrmUzgRENFJaBTf3/sX9u/LX+vXNqjnKkz4Xcuqrk3t3qGen0O+F3JGt1YG0++YSYblWILw==",
            "output_file_mode": null,
            "output_md5": "2b103ee492f069cdf2da6f0c556d0b2f",
            "output_path": "../Infrastructure/backend-function.zip",
            "output_sha": "0b178b0d40657718bac548edecfefbedf4fdad5c",
            "output_sha256": "8801f084537822d05a7f11f4b0b66feef8e2198280efafca74be697dc75641f9",
            "output_sha512": "bfccbfbd0556ef78eee533a6ae653381110d1496814dfdffb17f6efcb5febd736a8e72a4cf85dcbaaae4deddea19e9f43be177246b75606d3ef984986e55882f",
            "output_size": 34023322,
            "source": [],
            "source_content": null,
            "source_content_filename": null,
            "source_dir": "../Infrastructure/../../app/Backend",
            "source_file": null,
            "type": "zip"
          },
          "sensitive_attributes": [],
          "identity_schema_version": 0
        }
      ]
    },
    {
      "module": "module.gcp-backend",
      "mode": "managed",
      "type": "google_cloud_run_service_iam_binding",
      "name": "invoker",
      "provider": "provider[\"registry.terraform.io/hashicorp/google\"]",
      "instances": [
        {
          "schema_version": 0,
          "attributes": {
            "condition": [],
            "etag": "BwY6kMflmwc=",
            "id": "v1/projects/fiery-protocol-466303-p6/locations/me-central1/services/sahaba-gcp-funciton/roles/run.invoker",
            "location": "me-central1",
            "members": [
              "allUsers"
            ],
            "project": "fiery-protocol-466303-p6",
            "role": "roles/run.invoker",
            "service": "v1/projects/fiery-protocol-466303-p6/locations/me-central1/services/sahaba-gcp-funciton"
          },
          "sensitive_attributes": [],
          "identity_schema_version": 0,
          "private": "bnVsbA=="
        }
      ]
    },
    {
      "module": "module.gcp-backend",
      "mode": "managed",
      "type": "google_cloudfunctions2_function",
      "name": "function",
      "provider": "provider[\"registry.terraform.io/hashicorp/google\"]",
      "instances": [
        {
          "schema_version": 0,
          "attributes": {
            "build_config": [
              {
                "automatic_update_policy": [
                  {}
                ],
                "build": "projects/871366683015/locations/me-central1/builds/868001ae-9908-45e8-99da-5e20254977c1",
                "docker_repository": "projects/fiery-protocol-466303-p6/locations/me-central1/repositories/gcf-artifacts",
                "entry_point": "hello_http",
                "environment_variables": {},
                "on_deploy_update_policy": [],
                "runtime": "python311",
                "service_account": "projects/fiery-protocol-466303-p6/serviceAccounts/871366683015-compute@developer.gserviceaccount.com",
                "source": [
                  {
                    "repo_source": [],
                    "storage_source": [
                      {
                        "bucket": "sahaba-gcp",
                        "generation": 1753242874539045,
                        "object": "backend-function.zip"
                      }
                    ]
                  }
                ],
                "worker_pool": ""
              }
            ],
            "description": "My function",
            "effective_labels": {
              "goog-terraform-provisioned": "true"
            },
            "environment": "GEN_2",
            "event_trigger": [],
            "id": "projects/fiery-protocol-466303-p6/locations/me-central1/functions/sahaba-gcp-funciton",
            "kms_key_name": "",
            "labels": {},
            "location": "me-central1",
            "name": "sahaba-gcp-funciton",
            "project": "fiery-protocol-466303-p6",
            "service_config": [
              {
                "all_traffic_on_latest_revision": true,
                "available_cpu": "0.1666",
                "available_memory": "256M",
                "binary_authorization_policy": "",
                "environment_variables": {
                  "COLLECTION_NAME": "sahaba-gcp-collection",
                  "DATABASE_NAME": "sahaba-gcp-db",
                  "DOCUMENT_NAME": "sahaba-gcp-document",
                  "FIELD_NAME": "Vistor_Counter",
                  "LOG_EXECUTION_ID": "true"
                },
                "gcf_uri": "",
                "ingress_settings": "ALLOW_ALL",
                "max_instance_count": 3,
                "max_instance_request_concurrency": 1,
                "min_instance_count": 0,
                "secret_environment_variables": [],
                "secret_volumes": [],
                "service": "projects/fiery-protocol-466303-p6/locations/me-central1/services/sahaba-gcp-funciton",
                "service_account_email": "871366683015-compute@developer.gserviceaccount.com",
                "timeout_seconds": 60,
                "uri": "https://sahaba-gcp-funciton-q7b5eir2xa-ww.a.run.app",
                "vpc_connector": "",
                "vpc_connector_egress_settings": ""
              }
            ],
            "state": "ACTIVE",
            "terraform_labels": {
              "goog-terraform-provisioned": "true"
            },
            "timeouts": null,
            "update_time": "2025-07-23T03:59:51.011763251Z",
            "url": "https://me-central1-fiery-protocol-466303-p6.cloudfunctions.net/sahaba-gcp-funciton"
          },
          "sensitive_attributes": [],
          "identity_schema_version": 0,
          "private": "eyJlMmJmYjczMC1lY2FhLTExZTYtOGY4OC0zNDM2M2JjN2M0YzAiOnsiY3JlYXRlIjozNjAwMDAwMDAwMDAwLCJkZWxldGUiOjM2MDAwMDAwMDAwMDAsInVwZGF0ZSI6MzYwMDAwMDAwMDAwMH19",
          "dependencies": [
            "module.gcp-backend.data.archive_file.function_zip",
            "module.gcp-backend.google_storage_bucket_object.archive"
          ]
        }
      ]
    },
    {
      "module": "module.gcp-backend",
      "mode": "managed",
      "type": "google_firestore_database",
      "name": "database",
      "provider": "provider[\"registry.terraform.io/hashicorp/google\"]",
      "instances": [
        {
          "schema_version": 0,
          "attributes": {
            "app_engine_integration_mode": "DISABLED",
            "cmek_config": [],
            "concurrency_mode": "PESSIMISTIC",
            "create_time": "",
            "database_edition": "STANDARD",
            "delete_protection_state": "DELETE_PROTECTION_DISABLED",
            "deletion_policy": "ABANDON",
            "earliest_version_time": "2025-07-23T03:44:07.514206Z",
            "etag": "IOqCxLyM0o4DMP3/1LCI0o4D",
            "id": "projects/fiery-protocol-466303-p6/databases/sahaba-gcp-db",
            "key_prefix": "",
            "location_id": "me-central1",
            "name": "sahaba-gcp-db",
            "point_in_time_recovery_enablement": "POINT_IN_TIME_RECOVERY_DISABLED",
            "project": "fiery-protocol-466303-p6",
            "tags": null,
            "timeouts": null,
            "type": "FIRESTORE_NATIVE",
            "uid": "e82c6f22-3944-408e-a2f9-3ac2e9fe6adc",
            "update_time": "",
            "version_retention_period": "3600s"
          },
          "sensitive_attributes": [],
          "identity_schema_version": 0,
          "private": "eyJlMmJmYjczMC1lY2FhLTExZTYtOGY4OC0zNDM2M2JjN2M0YzAiOnsiY3JlYXRlIjoxMjAwMDAwMDAwMDAwLCJkZWxldGUiOjEyMDAwMDAwMDAwMDAsInVwZGF0ZSI6MTIwMDAwMDAwMDAwMH19"
        }
      ]
    },
    {
      "module": "module.gcp-backend",
      "mode": "managed",
      "type": "google_firestore_document",
      "name": "mydoc",
      "provider": "provider[\"registry.terraform.io/hashicorp/google\"]",
      "instances": [
        {
          "schema_version": 0,
          "attributes": {
            "collection": "sahaba-gcp-collection",
            "create_time": "2025-07-23T03:44:19.564480Z",
            "database": "sahaba-gcp-db",
            "document_id": "sahaba-gcp-document",
            "fields": "{\"Vistor_Counter\":{\"integerValue\":\"0\"}}",
            "id": "projects/fiery-protocol-466303-p6/databases/sahaba-gcp-db/documents/sahaba-gcp-collection/sahaba-gcp-document",
            "name": "projects/fiery-protocol-466303-p6/databases/sahaba-gcp-db/documents/sahaba-gcp-collection/sahaba-gcp-document",
            "path": "sahaba-gcp-collection/sahaba-gcp-document",
            "project": "fiery-protocol-466303-p6",
            "timeouts": null,
            "update_time": "2025-07-23T03:44:19.564480Z"
          },
          "sensitive_attributes": [],
          "identity_schema_version": 0,
          "private": "eyJlMmJmYjczMC1lY2FhLTExZTYtOGY4OC0zNDM2M2JjN2M0YzAiOnsiY3JlYXRlIjoxMjAwMDAwMDAwMDAwLCJkZWxldGUiOjEyMDAwMDAwMDAwMDAsInVwZGF0ZSI6MTIwMDAwMDAwMDAwMH19",
          "dependencies": [
            "module.gcp-backend.google_firestore_database.database"
          ]
        }
      ]
    },
    {
      "module": "module.gcp-backend",
      "mode": "managed",
      "type": "google_storage_bucket_object",
      "name": "archive",
      "provider": "provider[\"registry.terraform.io/hashicorp/google\"]",
      "instances": [
        {
          "schema_version": 0,
          "attributes": {
            "bucket": "sahaba-gcp",
            "cache_control": "",
            "content": null,
            "content_disposition": "",
            "content_encoding": "",
            "content_language": "",
            "content_type": "application/zip",
            "crc32c": "QnvSFQ==",
            "customer_encryption": [],
            "detect_md5hash": "KxA+5JLwac3y2m8MVW0LLw==",
            "event_based_hold": false,
            "force_empty_content_type": null,
            "generation": 1753242244619615,
            "id": "sahaba-gcp-backend-function.zip",
            "kms_key_name": "",
            "md5hash": "KxA+5JLwac3y2m8MVW0LLw==",
            "md5hexhash": "2b103ee492f069cdf2da6f0c556d0b2f",
            "media_link": "https://storage.googleapis.com/download/storage/v1/b/sahaba-gcp/o/backend-function.zip?generation=1753242244619615\u0026alt=media",
            "metadata": {},
            "name": "backend-function.zip",
            "output_name": "backend-function.zip",
            "retention": [],
            "self_link": "https://www.googleapis.com/storage/v1/b/sahaba-gcp/o/backend-function.zip",
            "source": "../Infrastructure/backend-function.zip",
            "source_md5hash": "",
            "storage_class": "STANDARD",
            "temporary_hold": false,
            "timeouts": null
          },
          "sensitive_attributes": [
            [
              {
                "type": "get_attr",
                "value": "content"
              }
            ]
          ],
          "identity_schema_version": 0,
          "private": "eyJlMmJmYjczMC1lY2FhLTExZTYtOGY4OC0zNDM2M2JjN2M0YzAiOnsiY3JlYXRlIjoyNDAwMDAwMDAwMDAsImRlbGV0ZSI6MjQwMDAwMDAwMDAwLCJ1cGRhdGUiOjI0MDAwMDAwMDAwMH19",
          "dependencies": [
            "module.gcp-backend.data.archive_file.function_zip"
          ]
        }
      ]
    }
  ],
  "check_results": null
}
