{
  "version": 4,
  "terraform_version": "1.13.0",
  "serial": 90,
  "lineage": "eebff231-fe0b-0ff9-17e2-7c4fabaa8196",
  "outputs": {
    "Public_IP": {
      "value": "34.36.181.126",
      "type": "string"
    }
  },
  "resources": [
    {
      "module": "module.sahaba-gcp-Frontend",
      "mode": "managed",
      "type": "google_compute_backend_bucket",
      "name": "backend",
      "provider": "provider[\"registry.terraform.io/hashicorp/google\"]",
      "instances": [
        {
          "schema_version": 0,
          "attributes": {
            "bucket_name": "sahaba-gcp-bucket",
            "cdn_policy": [
              {
                "bypass_cache_on_request_headers": [],
                "cache_key_policy": [],
                "cache_mode": "CACHE_ALL_STATIC",
                "client_ttl": 3600,
                "default_ttl": 3600,
                "max_ttl": 86400,
                "negative_caching": true,
                "negative_caching_policy": [],
                "request_coalescing": true,
                "serve_while_stale": 86400,
                "signed_url_cache_max_age_sec": 0
              }
            ],
            "compression_mode": "",
            "creation_timestamp": "2025-07-24T07:42:28.631-07:00",
            "custom_response_headers": [],
            "description": "My backend bucket for static content",
            "edge_security_policy": "",
            "enable_cdn": true,
            "id": "projects/sahaba-466907/global/backendBuckets/sahaba-backend-bucket-for-urlmap",
            "load_balancing_scheme": "",
            "name": "sahaba-backend-bucket-for-urlmap",
            "project": "sahaba-466907",
            "self_link": "https://www.googleapis.com/compute/v1/projects/sahaba-466907/global/backendBuckets/sahaba-backend-bucket-for-urlmap",
            "timeouts": null
          },
          "sensitive_attributes": [],
          "identity_schema_version": 0,
          "private": "eyJlMmJmYjczMC1lY2FhLTExZTYtOGY4OC0zNDM2M2JjN2M0YzAiOnsiY3JlYXRlIjoxMjAwMDAwMDAwMDAwLCJkZWxldGUiOjEyMDAwMDAwMDAwMDAsInVwZGF0ZSI6MTIwMDAwMDAwMDAwMH19"
        }
      ]
    },
    {
      "module": "module.sahaba-gcp-Frontend",
      "mode": "managed",
      "type": "google_compute_global_address",
      "name": "default",
      "provider": "provider[\"registry.terraform.io/hashicorp/google\"]",
      "instances": [
        {
          "schema_version": 0,
          "attributes": {
            "address": "34.36.181.126",
            "address_type": "EXTERNAL",
            "creation_timestamp": "2025-07-24T07:42:28.673-07:00",
            "description": "",
            "effective_labels": {
              "goog-terraform-provisioned": "true"
            },
            "id": "projects/sahaba-466907/global/addresses/sahaba-gcp-public-ip",
            "ip_version": "",
            "label_fingerprint": "vezUS-42LLM=",
            "labels": {},
            "name": "sahaba-gcp-public-ip",
            "network": "",
            "prefix_length": 0,
            "project": "sahaba-466907",
            "purpose": "",
            "self_link": "https://www.googleapis.com/compute/v1/projects/sahaba-466907/global/addresses/sahaba-gcp-public-ip",
            "terraform_labels": {
              "goog-terraform-provisioned": "true"
            },
            "timeouts": null
          },
          "sensitive_attributes": [],
          "identity_schema_version": 0,
          "private": "eyJlMmJmYjczMC1lY2FhLTExZTYtOGY4OC0zNDM2M2JjN2M0YzAiOnsiY3JlYXRlIjoxMjAwMDAwMDAwMDAwLCJkZWxldGUiOjEyMDAwMDAwMDAwMDAsInVwZGF0ZSI6MTIwMDAwMDAwMDAwMH19"
        }
      ]
    },
    {
      "module": "module.sahaba-gcp-Frontend",
      "mode": "managed",
      "type": "google_compute_global_forwarding_rule",
      "name": "https_rule",
      "provider": "provider[\"registry.terraform.io/hashicorp/google\"]",
      "instances": [
        {
          "schema_version": 0,
          "attributes": {
            "base_forwarding_rule": "",
            "description": "",
            "effective_labels": {},
            "external_managed_backend_bucket_migration_state": "",
            "external_managed_backend_bucket_migration_testing_percentage": 0,
            "forwarding_rule_id": 2365298214484048300,
            "id": "projects/sahaba-466907/global/forwardingRules/sahaba-https-forwarding-rule",
            "ip_address": "34.36.181.126",
            "ip_protocol": "TCP",
            "ip_version": "",
            "label_fingerprint": "42WmSpB8rSM=",
            "labels": null,
            "load_balancing_scheme": "EXTERNAL",
            "metadata_filters": [],
            "name": "sahaba-https-forwarding-rule",
            "network": "",
            "network_tier": "PREMIUM",
            "no_automate_dns_zone": null,
            "port_range": "443-443",
            "project": "sahaba-466907",
            "psc_connection_id": "",
            "psc_connection_status": "",
            "self_link": "https://www.googleapis.com/compute/v1/projects/sahaba-466907/global/forwardingRules/sahaba-https-forwarding-rule",
            "service_directory_registrations": [],
            "source_ip_ranges": null,
            "subnetwork": "",
            "target": "https://www.googleapis.com/compute/v1/projects/sahaba-466907/global/targetHttpsProxies/sahaba-https-proxy",
            "terraform_labels": {},
            "timeouts": null
          },
          "sensitive_attributes": [],
          "identity_schema_version": 0,
          "private": "eyJlMmJmYjczMC1lY2FhLTExZTYtOGY4OC0zNDM2M2JjN2M0YzAiOnsiY3JlYXRlIjoxMjAwMDAwMDAwMDAwLCJkZWxldGUiOjEyMDAwMDAwMDAwMDAsInVwZGF0ZSI6MTIwMDAwMDAwMDAwMH19",
          "dependencies": [
            "module.sahaba-gcp-Frontend.google_compute_backend_bucket.backend",
            "module.sahaba-gcp-Frontend.google_compute_global_address.default",
            "module.sahaba-gcp-Frontend.google_compute_managed_ssl_certificate.classic_cert",
            "module.sahaba-gcp-Frontend.google_compute_target_https_proxy.https_proxy",
            "module.sahaba-gcp-Frontend.google_compute_url_map.urlmap"
          ]
        }
      ]
    },
    {
      "module": "module.sahaba-gcp-Frontend",
      "mode": "managed",
      "type": "google_compute_managed_ssl_certificate",
      "name": "classic_cert",
      "provider": "provider[\"registry.terraform.io/hashicorp/google\"]",
      "instances": [
        {
          "schema_version": 0,
          "attributes": {
            "certificate_id": 4042170544830806203,
            "creation_timestamp": "2025-07-24T07:42:28.624-07:00",
            "description": "",
            "expire_time": "",
            "id": "projects/sahaba-466907/global/sslCertificates/sahaba-classic-managed-cert",
            "managed": [
              {
                "domains": [
                  "gcp.sahabanet.com"
                ]
              }
            ],
            "name": "sahaba-classic-managed-cert",
            "project": "sahaba-466907",
            "self_link": "https://www.googleapis.com/compute/v1/projects/sahaba-466907/global/sslCertificates/sahaba-classic-managed-cert",
            "subject_alternative_names": [],
            "timeouts": null,
            "type": "MANAGED"
          },
          "sensitive_attributes": [],
          "identity_schema_version": 0,
          "private": "eyJlMmJmYjczMC1lY2FhLTExZTYtOGY4OC0zNDM2M2JjN2M0YzAiOnsiY3JlYXRlIjoxODAwMDAwMDAwMDAwLCJkZWxldGUiOjE4MDAwMDAwMDAwMDB9fQ==",
          "create_before_destroy": true
        }
      ]
    },
    {
      "module": "module.sahaba-gcp-Frontend",
      "mode": "managed",
      "type": "google_compute_target_https_proxy",
      "name": "https_proxy",
      "provider": "provider[\"registry.terraform.io/hashicorp/google\"]",
      "instances": [
        {
          "schema_version": 0,
          "attributes": {
            "certificate_manager_certificates": null,
            "certificate_map": "",
            "creation_timestamp": "2025-07-24T07:46:15.027-07:00",
            "description": "",
            "fingerprint": "WYtCyfQ3X78=",
            "http_keep_alive_timeout_sec": 0,
            "id": "projects/sahaba-466907/global/targetHttpsProxies/sahaba-https-proxy",
            "name": "sahaba-https-proxy",
            "project": "sahaba-466907",
            "proxy_bind": false,
            "proxy_id": 3106630430429805017,
            "quic_override": "NONE",
            "self_link": "https://www.googleapis.com/compute/v1/projects/sahaba-466907/global/targetHttpsProxies/sahaba-https-proxy",
            "server_tls_policy": "",
            "ssl_certificates": [
              "https://www.googleapis.com/compute/v1/projects/sahaba-466907/global/sslCertificates/sahaba-classic-managed-cert"
            ],
            "ssl_policy": "",
            "timeouts": null,
            "tls_early_data": "DISABLED",
            "url_map": "https://www.googleapis.com/compute/v1/projects/sahaba-466907/global/urlMaps/sahaba-gcp-static-url-map"
          },
          "sensitive_attributes": [],
          "identity_schema_version": 0,
          "private": "eyJlMmJmYjczMC1lY2FhLTExZTYtOGY4OC0zNDM2M2JjN2M0YzAiOnsiY3JlYXRlIjoxMjAwMDAwMDAwMDAwLCJkZWxldGUiOjEyMDAwMDAwMDAwMDAsInVwZGF0ZSI6MTIwMDAwMDAwMDAwMH19",
          "dependencies": [
            "module.sahaba-gcp-Frontend.google_compute_backend_bucket.backend",
            "module.sahaba-gcp-Frontend.google_compute_managed_ssl_certificate.classic_cert",
            "module.sahaba-gcp-Frontend.google_compute_url_map.urlmap"
          ]
        }
      ]
    },
    {
      "module": "module.sahaba-gcp-Frontend",
      "mode": "managed",
      "type": "google_compute_url_map",
      "name": "urlmap",
      "provider": "provider[\"registry.terraform.io/hashicorp/google\"]",
      "instances": [
        {
          "schema_version": 0,
          "attributes": {
            "creation_timestamp": "2025-07-24T07:42:41.319-07:00",
            "default_custom_error_response_policy": [],
            "default_route_action": [],
            "default_service": "https://www.googleapis.com/compute/v1/projects/sahaba-466907/global/backendBuckets/sahaba-backend-bucket-for-urlmap",
            "default_url_redirect": [],
            "description": "",
            "fingerprint": "ZdKGF8GiD1s=",
            "header_action": [],
            "host_rule": [],
            "id": "projects/sahaba-466907/global/urlMaps/sahaba-gcp-static-url-map",
            "map_id": 619858436358666382,
            "name": "sahaba-gcp-static-url-map",
            "path_matcher": [],
            "project": "sahaba-466907",
            "self_link": "https://www.googleapis.com/compute/v1/projects/sahaba-466907/global/urlMaps/sahaba-gcp-static-url-map",
            "test": [],
            "timeouts": null
          },
          "sensitive_attributes": [],
          "identity_schema_version": 0,
          "private": "eyJlMmJmYjczMC1lY2FhLTExZTYtOGY4OC0zNDM2M2JjN2M0YzAiOnsiY3JlYXRlIjoxMjAwMDAwMDAwMDAwLCJkZWxldGUiOjEyMDAwMDAwMDAwMDAsInVwZGF0ZSI6MTIwMDAwMDAwMDAwMH19",
          "dependencies": [
            "module.sahaba-gcp-Frontend.google_compute_backend_bucket.backend"
          ]
        }
      ]
    },
    {
      "module": "module.sahaba-gcp-Frontend",
      "mode": "managed",
      "type": "google_project_service",
      "name": "certificate_manager",
      "provider": "provider[\"registry.terraform.io/hashicorp/google\"]",
      "instances": [
        {
          "schema_version": 0,
          "attributes": {
            "disable_dependent_services": null,
            "disable_on_destroy": false,
            "id": "sahaba-466907/certificatemanager.googleapis.com",
            "project": "sahaba-466907",
            "service": "certificatemanager.googleapis.com",
            "timeouts": null
          },
          "sensitive_attributes": [],
          "identity_schema_version": 0,
          "private": "eyJlMmJmYjczMC1lY2FhLTExZTYtOGY4OC0zNDM2M2JjN2M0YzAiOnsiY3JlYXRlIjoxMjAwMDAwMDAwMDAwLCJkZWxldGUiOjEyMDAwMDAwMDAwMDAsInJlYWQiOjYwMDAwMDAwMDAwMCwidXBkYXRlIjoxMjAwMDAwMDAwMDAwfX0="
        }
      ]
    },
    {
      "module": "module.sahaba-gcp-Frontend",
      "mode": "managed",
      "type": "google_project_service",
      "name": "compute",
      "provider": "provider[\"registry.terraform.io/hashicorp/google\"]",
      "instances": [
        {
          "schema_version": 0,
          "attributes": {
            "disable_dependent_services": null,
            "disable_on_destroy": false,
            "id": "sahaba-466907/compute.googleapis.com",
            "project": "sahaba-466907",
            "service": "compute.googleapis.com",
            "timeouts": null
          },
          "sensitive_attributes": [],
          "identity_schema_version": 0,
          "private": "eyJlMmJmYjczMC1lY2FhLTExZTYtOGY4OC0zNDM2M2JjN2M0YzAiOnsiY3JlYXRlIjoxMjAwMDAwMDAwMDAwLCJkZWxldGUiOjEyMDAwMDAwMDAwMDAsInJlYWQiOjYwMDAwMDAwMDAwMCwidXBkYXRlIjoxMjAwMDAwMDAwMDAwfX0="
        }
      ]
    },
    {
      "module": "module.sahaba-gcp-Frontend",
      "mode": "managed",
      "type": "google_project_service",
      "name": "enabled_apis",
      "provider": "provider[\"registry.terraform.io/hashicorp/google\"]",
      "instances": [
        {
          "schema_version": 0,
          "attributes": {
            "disable_dependent_services": null,
            "disable_on_destroy": false,
            "id": "sahaba-466907/storage.googleapis.com",
            "project": "sahaba-466907",
            "service": "storage.googleapis.com",
            "timeouts": null
          },
          "sensitive_attributes": [],
          "identity_schema_version": 0,
          "private": "eyJlMmJmYjczMC1lY2FhLTExZTYtOGY4OC0zNDM2M2JjN2M0YzAiOnsiY3JlYXRlIjoxMjAwMDAwMDAwMDAwLCJkZWxldGUiOjEyMDAwMDAwMDAwMDAsInJlYWQiOjYwMDAwMDAwMDAwMCwidXBkYXRlIjoxMjAwMDAwMDAwMDAwfX0="
        }
      ]
    },
    {
      "module": "module.sahaba-gcp-Frontend",
      "mode": "managed",
      "type": "google_storage_bucket",
      "name": "static",
      "provider": "provider[\"registry.terraform.io/hashicorp/google\"]",
      "instances": [
        {
          "schema_version": 3,
          "attributes": {
            "autoclass": [],
            "cors": [],
            "custom_placement_config": [],
            "default_event_based_hold": false,
            "effective_labels": {
              "goog-terraform-provisioned": "true"
            },
            "enable_object_retention": false,
            "encryption": [],
            "force_destroy": true,
            "hierarchical_namespace": [
              {
                "enabled": false
              }
            ],
            "id": "sahaba-gcp-bucket",
            "ip_filter": [],
            "labels": {},
            "lifecycle_rule": [],
            "location": "ME-CENTRAL1",
            "logging": [],
            "name": "sahaba-gcp-bucket",
            "project": "sahaba-466907",
            "project_number": 484268497554,
            "public_access_prevention": "inherited",
            "requester_pays": false,
            "retention_policy": [],
            "rpo": null,
            "self_link": "https://www.googleapis.com/storage/v1/b/sahaba-gcp-bucket",
            "soft_delete_policy": [
              {
                "effective_time": "2025-07-24T14:42:29.026Z",
                "retention_duration_seconds": 604800
              }
            ],
            "storage_class": "STANDARD",
            "terraform_labels": {
              "goog-terraform-provisioned": "true"
            },
            "time_created": "2025-07-24T14:42:29.026Z",
            "timeouts": null,
            "uniform_bucket_level_access": true,
            "updated": "2025-07-24T14:42:30.326Z",
            "url": "gs://sahaba-gcp-bucket",
            "versioning": [
              {
                "enabled": true
              }
            ],
            "website": [
              {
                "main_page_suffix": "index.html",
                "not_found_page": "404.html"
              }
            ]
          },
          "sensitive_attributes": [],
          "identity_schema_version": 0,
          "private": "eyJlMmJmYjczMC1lY2FhLTExZTYtOGY4OC0zNDM2M2JjN2M0YzAiOnsiY3JlYXRlIjo2MDAwMDAwMDAwMDAsInJlYWQiOjI0MDAwMDAwMDAwMCwidXBkYXRlIjoyNDAwMDAwMDAwMDB9LCJzY2hlbWFfdmVyc2lvbiI6IjMifQ=="
        }
      ]
    },
    {
      "module": "module.sahaba-gcp-Frontend",
      "mode": "managed",
      "type": "google_storage_bucket_iam_member",
      "name": "member",
      "provider": "provider[\"registry.terraform.io/hashicorp/google\"]",
      "instances": [
        {
          "schema_version": 0,
          "attributes": {
            "bucket": "b/sahaba-gcp-bucket",
            "condition": [],
            "etag": "CAI=",
            "id": "b/sahaba-gcp-bucket/roles/storage.objectViewer/allUsers",
            "member": "allUsers",
            "role": "roles/storage.objectViewer"
          },
          "sensitive_attributes": [],
          "identity_schema_version": 0,
          "private": "bnVsbA==",
          "dependencies": [
            "module.sahaba-gcp-Frontend.google_storage_bucket.static"
          ]
        }
      ]
    },
    {
      "module": "module.sahaba-gcp-Frontend",
      "mode": "managed",
      "type": "google_storage_bucket_object",
      "name": "default",
      "provider": "provider[\"registry.terraform.io/hashicorp/google\"]",
      "instances": [
        {
          "index_key": "index.html",
          "schema_version": 0,
          "attributes": {
            "bucket": "sahaba-gcp-bucket",
            "cache_control": "",
            "content": null,
            "content_disposition": "",
            "content_encoding": "",
            "content_language": "",
            "content_type": "text/html",
            "crc32c": "YWbL4g==",
            "customer_encryption": [],
            "detect_md5hash": "ov+h4TPtzvaOmbX3znsJ0g==",
            "event_based_hold": false,
            "force_empty_content_type": null,
            "generation": 1753368149809074,
            "id": "sahaba-gcp-bucket-index.html",
            "kms_key_name": "",
            "md5hash": "ov+h4TPtzvaOmbX3znsJ0g==",
            "md5hexhash": "a2ffa1e133edcef68e99b5f7ce7b09d2",
            "media_link": "https://storage.googleapis.com/download/storage/v1/b/sahaba-gcp-bucket/o/index.html?generation=1753368149809074\u0026alt=media",
            "metadata": {},
            "name": "index.html",
            "output_name": "index.html",
            "retention": [],
            "self_link": "https://www.googleapis.com/storage/v1/b/sahaba-gcp-bucket/o/index.html",
            "source": "../Frontend/../../app/Frontend/index.html",
            "source_md5hash": "",
            "storage_class": "STANDARD",
            "temporary_hold": false,
            "timeouts": null
          },
          "sensitive_attributes": [
            [
              {
                "type": "get_attr",
                "value": "content"
              }
            ]
          ],
          "identity_schema_version": 0,
          "private": "eyJlMmJmYjczMC1lY2FhLTExZTYtOGY4OC0zNDM2M2JjN2M0YzAiOnsiY3JlYXRlIjoyNDAwMDAwMDAwMDAsImRlbGV0ZSI6MjQwMDAwMDAwMDAwLCJ1cGRhdGUiOjI0MDAwMDAwMDAwMH19",
          "dependencies": [
            "module.sahaba-gcp-Frontend.google_storage_bucket.static"
          ]
        },
        {
          "index_key": "interactions.js",
          "schema_version": 0,
          "attributes": {
            "bucket": "sahaba-gcp-bucket",
            "cache_control": "",
            "content": null,
            "content_disposition": "",
            "content_encoding": "",
            "content_language": "",
            "content_type": "application/javascript",
            "crc32c": "eOB2zw==",
            "customer_encryption": [],
            "detect_md5hash": "0Et0xWna3v53t9Tx3Zc+vw==",
            "event_based_hold": false,
            "force_empty_content_type": null,
            "generation": 1753368149707760,
            "id": "sahaba-gcp-bucket-interactions.js",
            "kms_key_name": "",
            "md5hash": "0Et0xWna3v53t9Tx3Zc+vw==",
            "md5hexhash": "d04b74c569dadefe77b7d4f1dd973ebf",
            "media_link": "https://storage.googleapis.com/download/storage/v1/b/sahaba-gcp-bucket/o/interactions.js?generation=1753368149707760\u0026alt=media",
            "metadata": {},
            "name": "interactions.js",
            "output_name": "interactions.js",
            "retention": [],
            "self_link": "https://www.googleapis.com/storage/v1/b/sahaba-gcp-bucket/o/interactions.js",
            "source": "../Frontend/../../app/Frontend/interactions.js",
            "source_md5hash": "",
            "storage_class": "STANDARD",
            "temporary_hold": false,
            "timeouts": null
          },
          "sensitive_attributes": [
            [
              {
                "type": "get_attr",
                "value": "content"
              }
            ]
          ],
          "identity_schema_version": 0,
          "private": "eyJlMmJmYjczMC1lY2FhLTExZTYtOGY4OC0zNDM2M2JjN2M0YzAiOnsiY3JlYXRlIjoyNDAwMDAwMDAwMDAsImRlbGV0ZSI6MjQwMDAwMDAwMDAwLCJ1cGRhdGUiOjI0MDAwMDAwMDAwMH19",
          "dependencies": [
            "module.sahaba-gcp-Frontend.google_storage_bucket.static"
          ]
        }
      ]
    }
  ],
  "check_results": null
}
